
Microsoft Visual Studio Solution File, Format Version 12.00
# Visual Studio Version 17
VisualStudioVersion = 17.1.32319.34
MinimumVisualStudioVersion = 10.0.40219.1
Project("{2150E333-8FDC-42A3-9474-1A3956D46DE8}") = "Solution Items", "Solution Items", "{B1795ACE-158E-427C-86AC-D71BE5A91927}"
	ProjectSection(SolutionItems) = preProject
		.editorconfig = .editorconfig
		..\azure-pipelines.yml = ..\azure-pipelines.yml
	EndProjectSection
EndProject
Project("{2150E333-8FDC-42A3-9474-1A3956D46DE8}") = "Tests", "Tests", "{B936A939-1E9F-4DAF-9596-D8346629D275}"
EndProject
Project("{9A19103F-16F7-4668-BE54-9A1E7A4F7556}") = "PersonIdentifiers.Swedish", "PersonIdentifiers.Swedish\PersonIdentifiers.Swedish.csproj", "{E42E29FF-67F8-461F-A672-61CB7802A088}"
EndProject
Project("{9A19103F-16F7-4668-BE54-9A1E7A4F7556}") = "PersonIdentifiers.Swedish.Tests", "PersonIdentifiers.Swedish.Tests\PersonIdentifiers.Swedish.Tests.csproj", "{D9BDD970-CEE4-41DE-87A4-F90DBBCC23CC}"
EndProject
Project("{9A19103F-16F7-4668-BE54-9A1E7A4F7556}") = "PersonIdentifiers.Swedish.Tests.Conventions", "PersonIdentifiers.Swedish.Tests.Conventions\PersonIdentifiers.Swedish.Tests.Conventions.csproj", "{C7A6C254-4D0A-4DFE-AF5F-BBC83B84F85F}"
EndProject
Global
	GlobalSection(SolutionConfigurationPlatforms) = preSolution
		Debug|Any CPU = Debug|Any CPU
		Release|Any CPU = Release|Any CPU
	EndGlobalSection
	GlobalSection(ProjectConfigurationPlatforms) = postSolution
		{E42E29FF-67F8-461F-A672-61CB7802A088}.Debug|Any CPU.ActiveCfg = Debug|Any CPU
		{E42E29FF-67F8-461F-A672-61CB7802A088}.Debug|Any CPU.Build.0 = Debug|Any CPU
		{E42E29FF-67F8-461F-A672-61CB7802A088}.Release|Any CPU.ActiveCfg = Release|Any CPU
		{E42E29FF-67F8-461F-A672-61CB7802A088}.Release|Any CPU.Build.0 = Release|Any CPU
		{D9BDD970-CEE4-41DE-87A4-F90DBBCC23CC}.Debug|Any CPU.ActiveCfg = Debug|Any CPU
		{D9BDD970-CEE4-41DE-87A4-F90DBBCC23CC}.Debug|Any CPU.Build.0 = Debug|Any CPU
		{D9BDD970-CEE4-41DE-87A4-F90DBBCC23CC}.Release|Any CPU.ActiveCfg = Release|Any CPU
		{D9BDD970-CEE4-41DE-87A4-F90DBBCC23CC}.Release|Any CPU.Build.0 = Release|Any CPU
		{C7A6C254-4D0A-4DFE-AF5F-BBC83B84F85F}.Debug|Any CPU.ActiveCfg = Debug|Any CPU
		{C7A6C254-4D0A-4DFE-AF5F-BBC83B84F85F}.Debug|Any CPU.Build.0 = Debug|Any CPU
		{C7A6C254-4D0A-4DFE-AF5F-BBC83B84F85F}.Release|Any CPU.ActiveCfg = Release|Any CPU
		{C7A6C254-4D0A-4DFE-AF5F-BBC83B84F85F}.Release|Any CPU.Build.0 = Release|Any CPU
	EndGlobalSection
	GlobalSection(SolutionProperties) = preSolution
		HideSolutionNode = FALSE
	EndGlobalSection
	GlobalSection(NestedProjects) = preSolution
		{D9BDD970-CEE4-41DE-87A4-F90DBBCC23CC} = {B936A939-1E9F-4DAF-9596-D8346629D275}
		{C7A6C254-4D0A-4DFE-AF5F-BBC83B84F85F} = {B936A939-1E9F-4DAF-9596-D8346629D275}
	EndGlobalSection
	GlobalSection(ExtensibilityGlobals) = postSolution
		SolutionGuid = {A685996B-4930-458A-94E8-F54342491183}
	EndGlobalSection
EndGlobal
